
Microsoft Visual Studio Solution File, Format Version 12.00
Project("{FAE04EC0-301F-11D3-BF4B-00C04F79EFBC}") = "BookShopApi", "BookShopApi\BookShopApi.csproj", "{64D8A9F1-5768-4896-930C-3DECA8F5CEBF}"
EndProject
Project("{FAE04EC0-301F-11D3-BF4B-00C04F79EFBC}") = "BookShopApi.Tests", "BookShopApi.Tests\BookShopApi.Tests.csproj", "{12B39C5C-1D54-4859-A65F-0199061B1AB2}"
EndProject
Global
	GlobalSection(SolutionConfigurationPlatforms) = preSolution
		Debug|Any CPU = Debug|Any CPU
		Release|Any CPU = Release|Any CPU
	EndGlobalSection
	GlobalSection(ProjectConfigurationPlatforms) = postSolution
		{64D8A9F1-5768-4896-930C-3DECA8F5CEBF}.Debug|Any CPU.ActiveCfg = Debug|Any CPU
		{64D8A9F1-5768-4896-930C-3DECA8F5CEBF}.Debug|Any CPU.Build.0 = Debug|Any CPU
		{64D8A9F1-5768-4896-930C-3DECA8F5CEBF}.Release|Any CPU.ActiveCfg = Release|Any CPU
		{64D8A9F1-5768-4896-930C-3DECA8F5CEBF}.Release|Any CPU.Build.0 = Release|Any CPU
		{12B39C5C-1D54-4859-A65F-0199061B1AB2}.Debug|Any CPU.ActiveCfg = Debug|Any CPU
		{12B39C5C-1D54-4859-A65F-0199061B1AB2}.Debug|Any CPU.Build.0 = Debug|Any CPU
		{12B39C5C-1D54-4859-A65F-0199061B1AB2}.Release|Any CPU.ActiveCfg = Release|Any CPU
		{12B39C5C-1D54-4859-A65F-0199061B1AB2}.Release|Any CPU.Build.0 = Release|Any CPU
	EndGlobalSection
EndGlobal
